// !$*UTF8*$!
{
	archiveVersion = 1;
	classes = {
	};
	objectVersion = 46;
	objects = {

/* Begin PBXBuildFile section */
		4A71D29917A41CBF003C9C42 /* UIKit.framework in Frameworks */ = {isa = PBXBuildFile; fileRef = 4A71D29817A41CBF003C9C42 /* UIKit.framework */; };
		4A71D29B17A41CBF003C9C42 /* Foundation.framework in Frameworks */ = {isa = PBXBuildFile; fileRef = 4A71D29A17A41CBF003C9C42 /* Foundation.framework */; };
		4A71D29D17A41CBF003C9C42 /* CoreGraphics.framework in Frameworks */ = {isa = PBXBuildFile; fileRef = 4A71D29C17A41CBF003C9C42 /* CoreGraphics.framework */; };
		4A71D2A317A41CBF003C9C42 /* InfoPlist.strings in Resources */ = {isa = PBXBuildFile; fileRef = 4A71D2A117A41CBF003C9C42 /* InfoPlist.strings */; };
		4A71D2A517A41CBF003C9C42 /* main.m in Sources */ = {isa = PBXBuildFile; fileRef = 4A71D2A417A41CBF003C9C42 /* main.m */; };
		4A71D2A917A41CBF003C9C42 /* AppDelegate.m in Sources */ = {isa = PBXBuildFile; fileRef = 4A71D2A817A41CBF003C9C42 /* AppDelegate.m */; };
		4A71D2AB17A41CBF003C9C42 /* Default.png in Resources */ = {isa = PBXBuildFile; fileRef = 4A71D2AA17A41CBF003C9C42 /* Default.png */; };
		4A71D2AD17A41CBF003C9C42 /* Default@2x.png in Resources */ = {isa = PBXBuildFile; fileRef = 4A71D2AC17A41CBF003C9C42 /* Default@2x.png */; };
		4A71D2AF17A41CBF003C9C42 /* Default-568h@2x.png in Resources */ = {isa = PBXBuildFile; fileRef = 4A71D2AE17A41CBF003C9C42 /* Default-568h@2x.png */; };
		4A71D2B217A41CBF003C9C42 /* MainStoryboard.storyboard in Resources */ = {isa = PBXBuildFile; fileRef = 4A71D2B017A41CBF003C9C42 /* MainStoryboard.storyboard */; };
		4A71D2B517A41CBF003C9C42 /* ViewController.m in Sources */ = {isa = PBXBuildFile; fileRef = 4A71D2B417A41CBF003C9C42 /* ViewController.m */; };
		4A71D2BD17A420DB003C9C42 /* SecondViewController.m in Sources */ = {isa = PBXBuildFile; fileRef = 4A71D2BC17A420DB003C9C42 /* SecondViewController.m */; };
		4A71D2C017A422A9003C9C42 /* Vegetable.m in Sources */ = {isa = PBXBuildFile; fileRef = 4A71D2BF17A422A9003C9C42 /* Vegetable.m */; };
/* End PBXBuildFile section */

/* Begin PBXFileReference section */
		4A71D29517A41CBF003C9C42 /* TablesAndDelegatesPractice.app */ = {isa = PBXFileReference; explicitFileType = wrapper.application; includeInIndex = 0; path = TablesAndDelegatesPractice.app; sourceTree = BUILT_PRODUCTS_DIR; };
		4A71D29817A41CBF003C9C42 /* UIKit.framework */ = {isa = PBXFileReference; lastKnownFileType = wrapper.framework; name = UIKit.framework; path = System/Library/Frameworks/UIKit.framework; sourceTree = SDKROOT; };
		4A71D29A17A41CBF003C9C42 /* Foundation.framework */ = {isa = PBXFileReference; lastKnownFileType = wrapper.framework; name = Foundation.framework; path = System/Library/Frameworks/Foundation.framework; sourceTree = SDKROOT; };
		4A71D29C17A41CBF003C9C42 /* CoreGraphics.framework */ = {isa = PBXFileReference; lastKnownFileType = wrapper.framework; name = CoreGraphics.framework; path = System/Library/Frameworks/CoreGraphics.framework; sourceTree = SDKROOT; };
		4A71D2A017A41CBF003C9C42 /* TablesAndDelegatesPractice-Info.plist */ = {isa = PBXFileReference; lastKnownFileType = text.plist.xml; path = "TablesAndDelegatesPractice-Info.plist"; sourceTree = "<group>"; };
		4A71D2A217A41CBF003C9C42 /* en */ = {isa = PBXFileReference; lastKnownFileType = text.plist.strings; name = en; path = en.lproj/InfoPlist.strings; sourceTree = "<group>"; };
		4A71D2A417A41CBF003C9C42 /* main.m */ = {isa = PBXFileReference; lastKnownFileType = sourcecode.c.objc; path = main.m; sourceTree = "<group>"; };
		4A71D2A617A41CBF003C9C42 /* TablesAndDelegatesPractice-Prefix.pch */ = {isa = PBXFileReference; lastKnownFileType = sourcecode.c.h; path = "TablesAndDelegatesPractice-Prefix.pch"; sourceTree = "<group>"; };
		4A71D2A717A41CBF003C9C42 /* AppDelegate.h */ = {isa = PBXFileReference; lastKnownFileType = sourcecode.c.h; path = AppDelegate.h; sourceTree = "<group>"; };
		4A71D2A817A41CBF003C9C42 /* AppDelegate.m */ = {isa = PBXFileReference; lastKnownFileType = sourcecode.c.objc; path = AppDelegate.m; sourceTree = "<group>"; };
		4A71D2AA17A41CBF003C9C42 /* Default.png */ = {isa = PBXFileReference; lastKnownFileType = image.png; path = Default.png; sourceTree = "<group>"; };
		4A71D2AC17A41CBF003C9C42 /* Default@2x.png */ = {isa = PBXFileReference; lastKnownFileType = image.png; path = "Default@2x.png"; sourceTree = "<group>"; };
		4A71D2AE17A41CBF003C9C42 /* Default-568h@2x.png */ = {isa = PBXFileReference; lastKnownFileType = image.png; path = "Default-568h@2x.png"; sourceTree = "<group>"; };
		4A71D2B117A41CBF003C9C42 /* en */ = {isa = PBXFileReference; lastKnownFileType = file.storyboard; name = en; path = en.lproj/MainStoryboard.storyboard; sourceTree = "<group>"; };
		4A71D2B317A41CBF003C9C42 /* ViewController.h */ = {isa = PBXFileReference; lastKnownFileType = sourcecode.c.h; path = ViewController.h; sourceTree = "<group>"; };
		4A71D2B417A41CBF003C9C42 /* ViewController.m */ = {isa = PBXFileReference; lastKnownFileType = sourcecode.c.objc; path = ViewController.m; sourceTree = "<group>"; };
		4A71D2BB17A420DB003C9C42 /* SecondViewController.h */ = {isa = PBXFileReference; fileEncoding = 4; lastKnownFileType = sourcecode.c.h; path = SecondViewController.h; sourceTree = "<group>"; };
		4A71D2BC17A420DB003C9C42 /* SecondViewController.m */ = {isa = PBXFileReference; fileEncoding = 4; lastKnownFileType = sourcecode.c.objc; path = SecondViewController.m; sourceTree = "<group>"; };
		4A71D2BE17A422A9003C9C42 /* Vegetable.h */ = {isa = PBXFileReference; fileEncoding = 4; lastKnownFileType = sourcecode.c.h; path = Vegetable.h; sourceTree = "<group>"; };
		4A71D2BF17A422A9003C9C42 /* Vegetable.m */ = {isa = PBXFileReference; fileEncoding = 4; lastKnownFileType = sourcecode.c.objc; path = Vegetable.m; sourceTree = "<group>"; };
		4A71D2C217A42859003C9C42 /* EditVegetableDelegate.h */ = {isa = PBXFileReference; lastKnownFileType = sourcecode.c.h; name = EditVegetableDelegate.h; path = ../EditVegetableDelegate.h; sourceTree = "<group>"; };
/* End PBXFileReference section */

/* Begin PBXFrameworksBuildPhase section */
		4A71D29217A41CBF003C9C42 /* Frameworks */ = {
			isa = PBXFrameworksBuildPhase;
			buildActionMask = 2147483647;
			files = (
				4A71D29917A41CBF003C9C42 /* UIKit.framework in Frameworks */,
				4A71D29B17A41CBF003C9C42 /* Foundation.framework in Frameworks */,
				4A71D29D17A41CBF003C9C42 /* CoreGraphics.framework in Frameworks */,
			);
			runOnlyForDeploymentPostprocessing = 0;
		};
/* End PBXFrameworksBuildPhase section */

/* Begin PBXGroup section */
		4A71D28C17A41CBF003C9C42 = {
			isa = PBXGroup;
			children = (
				4A71D29E17A41CBF003C9C42 /* TablesAndDelegatesPractice */,
				4A71D29717A41CBF003C9C42 /* Frameworks */,
				4A71D29617A41CBF003C9C42 /* Products */,
			);
			sourceTree = "<group>";
		};
		4A71D29617A41CBF003C9C42 /* Products */ = {
			isa = PBXGroup;
			children = (
				4A71D29517A41CBF003C9C42 /* TablesAndDelegatesPractice.app */,
			);
			name = Products;
			sourceTree = "<group>";
		};
		4A71D29717A41CBF003C9C42 /* Frameworks */ = {
			isa = PBXGroup;
			children = (
				4A71D29817A41CBF003C9C42 /* UIKit.framework */,
				4A71D29A17A41CBF003C9C42 /* Foundation.framework */,
				4A71D29C17A41CBF003C9C42 /* CoreGraphics.framework */,
			);
			name = Frameworks;
			sourceTree = "<group>";
		};
		4A71D29E17A41CBF003C9C42 /* TablesAndDelegatesPractice */ = {
			isa = PBXGroup;
			children = (
				4A71D2A717A41CBF003C9C42 /* AppDelegate.h */,
				4A71D2A817A41CBF003C9C42 /* AppDelegate.m */,
				4A71D2BE17A422A9003C9C42 /* Vegetable.h */,
				4A71D2BF17A422A9003C9C42 /* Vegetable.m */,
				4A71D2C217A42859003C9C42 /* EditVegetableDelegate.h */,
				4A71D2B017A41CBF003C9C42 /* MainStoryboard.storyboard */,
				4A71D2B317A41CBF003C9C42 /* ViewController.h */,
				4A71D2B417A41CBF003C9C42 /* ViewController.m */,
				4A71D2BB17A420DB003C9C42 /* SecondViewController.h */,
				4A71D2BC17A420DB003C9C42 /* SecondViewController.m */,
				4A71D29F17A41CBF003C9C42 /* Supporting Files */,
			);
			path = TablesAndDelegatesPractice;
			sourceTree = "<group>";
		};
		4A71D29F17A41CBF003C9C42 /* Supporting Files */ = {
			isa = PBXGroup;
			children = (
				4A71D2A017A41CBF003C9C42 /* TablesAndDelegatesPractice-Info.plist */,
				4A71D2A117A41CBF003C9C42 /* InfoPlist.strings */,
				4A71D2A417A41CBF003C9C42 /* main.m */,
				4A71D2A617A41CBF003C9C42 /* TablesAndDelegatesPractice-Prefix.pch */,
				4A71D2AA17A41CBF003C9C42 /* Default.png */,
				4A71D2AC17A41CBF003C9C42 /* Default@2x.png */,
				4A71D2AE17A41CBF003C9C42 /* Default-568h@2x.png */,
			);
			name = "Supporting Files";
			sourceTree = "<group>";
		};
/* End PBXGroup section */

/* Begin PBXNativeTarget section */
		4A71D29417A41CBF003C9C42 /* TablesAndDelegatesPractice */ = {
			isa = PBXNativeTarget;
			buildConfigurationList = 4A71D2B817A41CBF003C9C42 /* Build configuration list for PBXNativeTarget "TablesAndDelegatesPractice" */;
			buildPhases = (
				4A71D29117A41CBF003C9C42 /* Sources */,
				4A71D29217A41CBF003C9C42 /* Frameworks */,
				4A71D29317A41CBF003C9C42 /* Resources */,
			);
			buildRules = (
			);
			dependencies = (
			);
			name = TablesAndDelegatesPractice;
			productName = TablesAndDelegatesPractice;
			productReference = 4A71D29517A41CBF003C9C42 /* TablesAndDelegatesPractice.app */;
			productType = "com.apple.product-type.application";
		};
/* End PBXNativeTarget section */

/* Begin PBXProject section */
		4A71D28D17A41CBF003C9C42 /* Project object */ = {
			isa = PBXProject;
			attributes = {
				LastUpgradeCheck = 0460;
				ORGANIZATIONNAME = "Brad Woodard";
			};
			buildConfigurationList = 4A71D29017A41CBF003C9C42 /* Build configuration list for PBXProject "TablesAndDelegatesPractice" */;
			compatibilityVersion = "Xcode 3.2";
			developmentRegion = English;
			hasScannedForEncodings = 0;
			knownRegions = (
				en,
			);
			mainGroup = 4A71D28C17A41CBF003C9C42;
			productRefGroup = 4A71D29617A41CBF003C9C42 /* Products */;
			projectDirPath = "";
			projectRoot = "";
			targets = (
				4A71D29417A41CBF003C9C42 /* TablesAndDelegatesPractice */,
			);
		};
/* End PBXProject section */

/* Begin PBXResourcesBuildPhase section */
		4A71D29317A41CBF003C9C42 /* Resources */ = {
			isa = PBXResourcesBuildPhase;
			buildActionMask = 2147483647;
			files = (
				4A71D2A317A41CBF003C9C42 /* InfoPlist.strings in Resources */,
				4A71D2AB17A41CBF003C9C42 /* Default.png in Resources */,
				4A71D2AD17A41CBF003C9C42 /* Default@2x.png in Resources */,
				4A71D2AF17A41CBF003C9C42 /* Default-568h@2x.png in Resources */,
				4A71D2B217A41CBF003C9C42 /* MainStoryboard.storyboard in Resources */,
			);
			runOnlyForDeploymentPostprocessing = 0;
		};
/* End PBXResourcesBuildPhase section */

/* Begin PBXSourcesBuildPhase section */
		4A71D29117A41CBF003C9C42 /* Sources */ = {
			isa = PBXSourcesBuildPhase;
			buildActionMask = 2147483647;
			files = (
				4A71D2A517A41CBF003C9C42 /* main.m in Sources */,
				4A71D2A917A41CBF003C9C42 /* AppDelegate.m in Sources */,
				4A71D2B517A41CBF003C9C42 /* ViewController.m in Sources */,
				4A71D2BD17A420DB003C9C42 /* SecondViewController.m in Sources */,
				4A71D2C017A422A9003C9C42 /* Vegetable.m in Sources */,
			);
			runOnlyForDeploymentPostprocessing = 0;
		};
/* End PBXSourcesBuildPhase section */

/* Begin PBXVariantGroup section */
		4A71D2A117A41CBF003C9C42 /* InfoPlist.strings */ = {
			isa = PBXVariantGroup;
			children = (
				4A71D2A217A41CBF003C9C42 /* en */,
			);
			name = InfoPlist.strings;
			sourceTree = "<group>";
		};
		4A71D2B017A41CBF003C9C42 /* MainStoryboard.storyboard */ = {
			isa = PBXVariantGroup;
			children = (
				4A71D2B117A41CBF003C9C42 /* en */,
			);
			name = MainStoryboard.storyboard;
			sourceTree = "<group>";
		};
/* End PBXVariantGroup section */

/* Begin XCBuildConfiguration section */
		4A71D2B617A41CBF003C9C42 /* Debug */ = {
			isa = XCBuildConfiguration;
			buildSettings = {
				ALWAYS_SEARCH_USER_PATHS = NO;
				CLANG_CXX_LANGUAGE_STANDARD = "gnu++0x";
				CLANG_CXX_LIBRARY = "libc++";
				CLANG_ENABLE_OBJC_ARC = YES;
				CLANG_WARN_CONSTANT_CONVERSION = YES;
				CLANG_WARN_EMPTY_BODY = YES;
				CLANG_WARN_ENUM_CONVERSION = YES;
				CLANG_WARN_INT_CONVERSION = YES;
				CLANG_WARN__DUPLICATE_METHOD_MATCH = YES;
				"CODE_SIGN_IDENTITY[sdk=iphoneos*]" = "iPhone Developer";
				COPY_PHASE_STRIP = NO;
				GCC_C_LANGUAGE_STANDARD = gnu99;
				GCC_DYNAMIC_NO_PIC = NO;
				GCC_OPTIMIZATION_LEVEL = 0;
				GCC_PREPROCESSOR_DEFINITIONS = (
					"DEBUG=1",
					"$(inherited)",
				);
				GCC_SYMBOLS_PRIVATE_EXTERN = NO;
				GCC_WARN_ABOUT_RETURN_TYPE = YES;
				GCC_WARN_UNINITIALIZED_AUTOS = YES;
				GCC_WARN_UNUSED_VARIABLE = YES;
				IPHONEOS_DEPLOYMENT_TARGET = 6.1;
				ONLY_ACTIVE_ARCH = YES;
				SDKROOT = iphoneos;
			};
			name = Debug;
		};
		4A71D2B717A41CBF003C9C42 /* Release */ = {
			isa = XCBuildConfiguration;
			buildSettings = {
				ALWAYS_SEARCH_USER_PATHS = NO;
				CLANG_CXX_LANGUAGE_STANDARD = "gnu++0x";
				CLANG_CXX_LIBRARY = "libc++";
				CLANG_ENABLE_OBJC_ARC = YES;
				CLANG_WARN_CONSTANT_CONVERSION = YES;
				CLANG_WARN_EMPTY_BODY = YES;
				CLANG_WARN_ENUM_CONVERSION = YES;
				CLANG_WARN_INT_CONVERSION = YES;
				CLANG_WARN__DUPLICATE_METHOD_MATCH = YES;
				"CODE_SIGN_IDENTITY[sdk=iphoneos*]" = "iPhone Developer";
				COPY_PHASE_STRIP = YES;
				GCC_C_LANGUAGE_STANDARD = gnu99;
				GCC_WARN_ABOUT_RETURN_TYPE = YES;
				GCC_WARN_UNINITIALIZED_AUTOS = YES;
				GCC_WARN_UNUSED_VARIABLE = YES;
				IPHONEOS_DEPLOYMENT_TARGET = 6.1;
				OTHER_CFLAGS = "-DNS_BLOCK_ASSERTIONS=1";
				SDKROOT = iphoneos;
				VALIDATE_PRODUCT = YES;
			};
			name = Release;
		};
		4A71D2B917A41CBF003C9C42 /* Debug */ = {
			isa = XCBuildConfiguration;
			buildSettings = {
				GCC_PRECOMPILE_PREFIX_HEADER = YES;
				GCC_PREFIX_HEADER = "TablesAndDelegatesPractice/TablesAndDelegatesPractice-Prefix.pch";
				INFOPLIST_FILE = "TablesAndDelegatesPractice/TablesAndDelegatesPractice-Info.plist";
				PRODUCT_NAME = "$(TARGET_NAME)";
				WRAPPER_EXTENSION = app;
			};
			name = Debug;
		};
		4A71D2BA17A41CBF003C9C42 /* Release */ = {
			isa = XCBuildConfiguration;
			buildSettings = {
				GCC_PRECOMPILE_PREFIX_HEADER = YES;
				GCC_PREFIX_HEADER = "TablesAndDelegatesPractice/TablesAndDelegatesPractice-Prefix.pch";
				INFOPLIST_FILE = "TablesAndDelegatesPractice/TablesAndDelegatesPractice-Info.plist";
				PRODUCT_NAME = "$(TARGET_NAME)";
				WRAPPER_EXTENSION = app;
			};
			name = Release;
		};
/* End XCBuildConfiguration section */

/* Begin XCConfigurationList section */
		4A71D29017A41CBF003C9C42 /* Build configuration list for PBXProject "TablesAndDelegatesPractice" */ = {
			isa = XCConfigurationList;
			buildConfigurations = (
				4A71D2B617A41CBF003C9C42 /* Debug */,
				4A71D2B717A41CBF003C9C42 /* Release */,
			);
			defaultConfigurationIsVisible = 0;
			defaultConfigurationName = Release;
		};
		4A71D2B817A41CBF003C9C42 /* Build configuration list for PBXNativeTarget "TablesAndDelegatesPractice" */ = {
			isa = XCConfigurationList;
			buildConfigurations = (
				4A71D2B917A41CBF003C9C42 /* Debug */,
				4A71D2BA17A41CBF003C9C42 /* Release */,
			);
			defaultConfigurationIsVisible = 0;
		};
/* End XCConfigurationList section */
	};
	rootObject = 4A71D28D17A41CBF003C9C42 /* Project object */;
}
